// !$*UTF8*$!
{
	archiveVersion = 1;
	classes = {
	};
	objectVersion = 48;
	objects = {

/* Begin PBXBuildFile section */
		CFB27FF9203F1709002BAE9D /* AppDelegate.swift in Sources */ = {isa = PBXBuildFile; fileRef = CFB27FF8203F1709002BAE9D /* AppDelegate.swift */; };
		CFB27FFB203F1709002BAE9D /* ViewController.swift in Sources */ = {isa = PBXBuildFile; fileRef = CFB27FFA203F1709002BAE9D /* ViewController.swift */; };
		CFB27FFE203F1709002BAE9D /* Main.storyboard in Resources */ = {isa = PBXBuildFile; fileRef = CFB27FFC203F1709002BAE9D /* Main.storyboard */; };
		CFB28001203F1709002BAE9D /* MeQuieres.xcdatamodeld in Sources */ = {isa = PBXBuildFile; fileRef = CFB27FFF203F1709002BAE9D /* MeQuieres.xcdatamodeld */; };
		CFB28003203F1709002BAE9D /* Assets.xcassets in Resources */ = {isa = PBXBuildFile; fileRef = CFB28002203F1709002BAE9D /* Assets.xcassets */; };
		CFB28006203F1709002BAE9D /* LaunchScreen.storyboard in Resources */ = {isa = PBXBuildFile; fileRef = CFB28004203F1709002BAE9D /* LaunchScreen.storyboard */; };
/* End PBXBuildFile section */

/* Begin PBXFileReference section */
		CFB27FF5203F1709002BAE9D /* MeQuieres.app */ = {isa = PBXFileReference; explicitFileType = wrapper.application; includeInIndex = 0; path = MeQuieres.app; sourceTree = BUILT_PRODUCTS_DIR; };
		CFB27FF8203F1709002BAE9D /* AppDelegate.swift */ = {isa = PBXFileReference; lastKnownFileType = sourcecode.swift; path = AppDelegate.swift; sourceTree = "<group>"; };
		CFB27FFA203F1709002BAE9D /* ViewController.swift */ = {isa = PBXFileReference; lastKnownFileType = sourcecode.swift; path = ViewController.swift; sourceTree = "<group>"; };
		CFB27FFD203F1709002BAE9D /* Base */ = {isa = PBXFileReference; lastKnownFileType = file.storyboard; name = Base; path = Base.lproj/Main.storyboard; sourceTree = "<group>"; };
		CFB28000203F1709002BAE9D /* MeQuieres.xcdatamodel */ = {isa = PBXFileReference; lastKnownFileType = wrapper.xcdatamodel; path = MeQuieres.xcdatamodel; sourceTree = "<group>"; };
		CFB28002203F1709002BAE9D /* Assets.xcassets */ = {isa = PBXFileReference; lastKnownFileType = folder.assetcatalog; path = Assets.xcassets; sourceTree = "<group>"; };
		CFB28005203F1709002BAE9D /* Base */ = {isa = PBXFileReference; lastKnownFileType = file.storyboard; name = Base; path = Base.lproj/LaunchScreen.storyboard; sourceTree = "<group>"; };
		CFB28007203F1709002BAE9D /* Info.plist */ = {isa = PBXFileReference; lastKnownFileType = text.plist.xml; path = Info.plist; sourceTree = "<group>"; };
/* End PBXFileReference section */

/* Begin PBXFrameworksBuildPhase section */
		CFB27FF2203F1709002BAE9D /* Frameworks */ = {
			isa = PBXFrameworksBuildPhase;
			buildActionMask = 2147483647;
			files = (
			);
			runOnlyForDeploymentPostprocessing = 0;
		};
/* End PBXFrameworksBuildPhase section */

/* Begin PBXGroup section */
		CFB27FEC203F1709002BAE9D = {
			isa = PBXGroup;
			children = (
				CFB27FF7203F1709002BAE9D /* MeQuieres */,
				CFB27FF6203F1709002BAE9D /* Products */,
			);
			sourceTree = "<group>";
		};
		CFB27FF6203F1709002BAE9D /* Products */ = {
			isa = PBXGroup;
			children = (
				CFB27FF5203F1709002BAE9D /* MeQuieres.app */,
			);
			name = Products;
			sourceTree = "<group>";
		};
		CFB27FF7203F1709002BAE9D /* MeQuieres */ = {
			isa = PBXGroup;
			children = (
				CFB27FF8203F1709002BAE9D /* AppDelegate.swift */,
				CFB27FFA203F1709002BAE9D /* ViewController.swift */,
				CFB27FFC203F1709002BAE9D /* Main.storyboard */,
				CFB28002203F1709002BAE9D /* Assets.xcassets */,
				CFB28004203F1709002BAE9D /* LaunchScreen.storyboard */,
				CFB28007203F1709002BAE9D /* Info.plist */,
				CFB27FFF203F1709002BAE9D /* MeQuieres.xcdatamodeld */,
			);
			path = MeQuieres;
			sourceTree = "<group>";
		};
/* End PBXGroup section */

/* Begin PBXNativeTarget section */
		CFB27FF4203F1709002BAE9D /* MeQuieres */ = {
			isa = PBXNativeTarget;
			buildConfigurationList = CFB2800A203F1709002BAE9D /* Build configuration list for PBXNativeTarget "MeQuieres" */;
			buildPhases = (
				CFB27FF1203F1709002BAE9D /* Sources */,
				CFB27FF2203F1709002BAE9D /* Frameworks */,
				CFB27FF3203F1709002BAE9D /* Resources */,
			);
			buildRules = (
			);
			dependencies = (
			);
			name = MeQuieres;
			productName = MeQuieres;
			productReference = CFB27FF5203F1709002BAE9D /* MeQuieres.app */;
			productType = "com.apple.product-type.application";
		};
/* End PBXNativeTarget section */

/* Begin PBXProject section */
		CFB27FED203F1709002BAE9D /* Project object */ = {
			isa = PBXProject;
			attributes = {
				LastSwiftUpdateCheck = 0920;
				LastUpgradeCheck = 0920;
				ORGANIZATIONNAME = liz;
				TargetAttributes = {
					CFB27FF4203F1709002BAE9D = {
						CreatedOnToolsVersion = 9.2;
						ProvisioningStyle = Automatic;
					};
				};
			};
			buildConfigurationList = CFB27FF0203F1709002BAE9D /* Build configuration list for PBXProject "MeQuieres" */;
			compatibilityVersion = "Xcode 8.0";
			developmentRegion = en;
			hasScannedForEncodings = 0;
			knownRegions = (
				en,
				Base,
			);
			mainGroup = CFB27FEC203F1709002BAE9D;
			productRefGroup = CFB27FF6203F1709002BAE9D /* Products */;
			projectDirPath = "";
			projectRoot = "";
			targets = (
				CFB27FF4203F1709002BAE9D /* MeQuieres */,
			);
		};
/* End PBXProject section */

/* Begin PBXResourcesBuildPhase section */
		CFB27FF3203F1709002BAE9D /* Resources */ = {
			isa = PBXResourcesBuildPhase;
			buildActionMask = 2147483647;
			files = (
				CFB28006203F1709002BAE9D /* LaunchScreen.storyboard in Resources */,
				CFB28003203F1709002BAE9D /* Assets.xcassets in Resources */,
				CFB27FFE203F1709002BAE9D /* Main.storyboard in Resources */,
			);
			runOnlyForDeploymentPostprocessing = 0;
		};
/* End PBXResourcesBuildPhase section */

/* Begin PBXSourcesBuildPhase section */
		CFB27FF1203F1709002BAE9D /* Sources */ = {
			isa = PBXSourcesBuildPhase;
			buildActionMask = 2147483647;
			files = (
				CFB27FFB203F1709002BAE9D /* ViewController.swift in Sources */,
				CFB27FF9203F1709002BAE9D /* AppDelegate.swift in Sources */,
				CFB28001203F1709002BAE9D /* MeQuieres.xcdatamodeld in Sources */,
			);
			runOnlyForDeploymentPostprocessing = 0;
		};
/* End PBXSourcesBuildPhase section */

/* Begin PBXVariantGroup section */
		CFB27FFC203F1709002BAE9D /* Main.storyboard */ = {
			isa = PBXVariantGroup;
			children = (
				CFB27FFD203F1709002BAE9D /* Base */,
			);
			name = Main.storyboard;
			sourceTree = "<group>";
		};
		CFB28004203F1709002BAE9D /* LaunchScreen.storyboard */ = {
			isa = PBXVariantGroup;
			children = (
				CFB28005203F1709002BAE9D /* Base */,
			);
			name = LaunchScreen.storyboard;
			sourceTree = "<group>";
		};
/* End PBXVariantGroup section */

/* Begin XCBuildConfiguration section */
		CFB28008203F1709002BAE9D /* Debug */ = {
			isa = XCBuildConfiguration;
			buildSettings = {
				ALWAYS_SEARCH_USER_PATHS = NO;
				CLANG_ANALYZER_NONNULL = YES;
				CLANG_ANALYZER_NUMBER_OBJECT_CONVERSION = YES_AGGRESSIVE;
				CLANG_CXX_LANGUAGE_STANDARD = "gnu++14";
				CLANG_CXX_LIBRARY = "libc++";
				CLANG_ENABLE_MODULES = YES;
				CLANG_ENABLE_OBJC_ARC = YES;
				CLANG_WARN_BLOCK_CAPTURE_AUTORELEASING = YES;
				CLANG_WARN_BOOL_CONVERSION = YES;
				CLANG_WARN_COMMA = YES;
				CLANG_WARN_CONSTANT_CONVERSION = YES;
				CLANG_WARN_DIRECT_OBJC_ISA_USAGE = YES_ERROR;
				CLANG_WARN_DOCUMENTATION_COMMENTS = YES;
				CLANG_WARN_EMPTY_BODY = YES;
				CLANG_WARN_ENUM_CONVERSION = YES;
				CLANG_WARN_INFINITE_RECURSION = YES;
				CLANG_WARN_INT_CONVERSION = YES;
				CLANG_WARN_NON_LITERAL_NULL_CONVERSION = YES;
				CLANG_WARN_OBJC_LITERAL_CONVERSION = YES;
				CLANG_WARN_OBJC_ROOT_CLASS = YES_ERROR;
				CLANG_WARN_RANGE_LOOP_ANALYSIS = YES;
				CLANG_WARN_STRICT_PROTOTYPES = YES;
				CLANG_WARN_SUSPICIOUS_MOVE = YES;
				CLANG_WARN_UNGUARDED_AVAILABILITY = YES_AGGRESSIVE;
				CLANG_WARN_UNREACHABLE_CODE = YES;
				CLANG_WARN__DUPLICATE_METHOD_MATCH = YES;
				CODE_SIGN_IDENTITY = "iPhone Developer";
				COPY_PHASE_STRIP = NO;
				DEBUG_INFORMATION_FORMAT = dwarf;
				ENABLE_STRICT_OBJC_MSGSEND = YES;
				ENABLE_TESTABILITY = YES;
				GCC_C_LANGUAGE_STANDARD = gnu11;
				GCC_DYNAMIC_NO_PIC = NO;
				GCC_NO_COMMON_BLOCKS = YES;
				GCC_OPTIMIZATION_LEVEL = 0;
				GCC_PREPROCESSOR_DEFINITIONS = (
					"DEBUG=1",
					"$(inherited)",
				);
				GCC_WARN_64_TO_32_BIT_CONVERSION = YES;
				GCC_WARN_ABOUT_RETURN_TYPE = YES_ERROR;
				GCC_WARN_UNDECLARED_SELECTOR = YES;
				GCC_WARN_UNINITIALIZED_AUTOS = YES_AGGRESSIVE;
				GCC_WARN_UNUSED_FUNCTION = YES;
				GCC_WARN_UNUSED_VARIABLE = YES;
				IPHONEOS_DEPLOYMENT_TARGET = 11.2;
				MTL_ENABLE_DEBUG_INFO = YES;
				ONLY_ACTIVE_ARCH = YES;
				SDKROOT = iphoneos;
				SWIFT_ACTIVE_COMPILATION_CONDITIONS = DEBUG;
				SWIFT_OPTIMIZATION_LEVEL = "-Onone";
			};
			name = Debug;
		};
		CFB28009203F1709002BAE9D /* Release */ = {
			isa = XCBuildConfiguration;
			buildSettings = {
				ALWAYS_SEARCH_USER_PATHS = NO;
				CLANG_ANALYZER_NONNULL = YES;
				CLANG_ANALYZER_NUMBER_OBJECT_CONVERSION = YES_AGGRESSIVE;
				CLANG_CXX_LANGUAGE_STANDARD = "gnu++14";
				CLANG_CXX_LIBRARY = "libc++";
				CLANG_ENABLE_MODULES = YES;
				CLANG_ENABLE_OBJC_ARC = YES;
				CLANG_WARN_BLOCK_CAPTURE_AUTORELEASING = YES;
				CLANG_WARN_BOOL_CONVERSION = YES;
				CLANG_WARN_COMMA = YES;
				CLANG_WARN_CONSTANT_CONVERSION = YES;
				CLANG_WARN_DIRECT_OBJC_ISA_USAGE = YES_ERROR;
				CLANG_WARN_DOCUMENTATION_COMMENTS = YES;
				CLANG_WARN_EMPTY_BODY = YES;
				CLANG_WARN_ENUM_CONVERSION = YES;
				CLANG_WARN_INFINITE_RECURSION = YES;
				CLANG_WARN_INT_CONVERSION = YES;
				CLANG_WARN_NON_LITERAL_NULL_CONVERSION = YES;
				CLANG_WARN_OBJC_LITERAL_CONVERSION = YES;
				CLANG_WARN_OBJC_ROOT_CLASS = YES_ERROR;
				CLANG_WARN_RANGE_LOOP_ANALYSIS = YES;
				CLANG_WARN_STRICT_PROTOTYPES = YES;
				CLANG_WARN_SUSPICIOUS_MOVE = YES;
				CLANG_WARN_UNGUARDED_AVAILABILITY = YES_AGGRESSIVE;
				CLANG_WARN_UNREACHABLE_CODE = YES;
				CLANG_WARN__DUPLICATE_METHOD_MATCH = YES;
				CODE_SIGN_IDENTITY = "iPhone Developer";
				COPY_PHASE_STRIP = NO;
				DEBUG_INFORMATION_FORMAT = "dwarf-with-dsym";
				ENABLE_NS_ASSERTIONS = NO;
				ENABLE_STRICT_OBJC_MSGSEND = YES;
				GCC_C_LANGUAGE_STANDARD = gnu11;
				GCC_NO_COMMON_BLOCKS = YES;
				GCC_WARN_64_TO_32_BIT_CONVERSION = YES;
				GCC_WARN_ABOUT_RETURN_TYPE = YES_ERROR;
				GCC_WARN_UNDECLARED_SELECTOR = YES;
				GCC_WARN_UNINITIALIZED_AUTOS = YES_AGGRESSIVE;
				GCC_WARN_UNUSED_FUNCTION = YES;
				GCC_WARN_UNUSED_VARIABLE = YES;
				IPHONEOS_DEPLOYMENT_TARGET = 11.2;
				MTL_ENABLE_DEBUG_INFO = NO;
				SDKROOT = iphoneos;
				SWIFT_OPTIMIZATION_LEVEL = "-Owholemodule";
				VALIDATE_PRODUCT = YES;
			};
			name = Release;
		};
		CFB2800B203F1709002BAE9D /* Debug */ = {
			isa = XCBuildConfiguration;
			buildSettings = {
				ASSETCATALOG_COMPILER_APPICON_NAME = AppIcon;
				CODE_SIGN_STYLE = Automatic;
				INFOPLIST_FILE = MeQuieres/Info.plist;
				LD_RUNPATH_SEARCH_PATHS = "$(inherited) @executable_path/Frameworks";
				PRODUCT_BUNDLE_IDENTIFIER = unam.MeQuieres;
				PRODUCT_NAME = "$(TARGET_NAME)";
				SWIFT_VERSION = 4.0;
				TARGETED_DEVICE_FAMILY = "1,2";
			};
			name = Debug;
		};
		CFB2800C203F1709002BAE9D /* Release */ = {
			isa = XCBuildConfiguration;
			buildSettings = {
				ASSETCATALOG_COMPILER_APPICON_NAME = AppIcon;
				CODE_SIGN_STYLE = Automatic;
				INFOPLIST_FILE = MeQuieres/Info.plist;
				LD_RUNPATH_SEARCH_PATHS = "$(inherited) @executable_path/Frameworks";
				PRODUCT_BUNDLE_IDENTIFIER = unam.MeQuieres;
				PRODUCT_NAME = "$(TARGET_NAME)";
				SWIFT_VERSION = 4.0;
				TARGETED_DEVICE_FAMILY = "1,2";
			};
			name = Release;
		};
/* End XCBuildConfiguration section */

/* Begin XCConfigurationList section */
		CFB27FF0203F1709002BAE9D /* Build configuration list for PBXProject "MeQuieres" */ = {
			isa = XCConfigurationList;
			buildConfigurations = (
				CFB28008203F1709002BAE9D /* Debug */,
				CFB28009203F1709002BAE9D /* Release */,
			);
			defaultConfigurationIsVisible = 0;
			defaultConfigurationName = Release;
		};
		CFB2800A203F1709002BAE9D /* Build configuration list for PBXNativeTarget "MeQuieres" */ = {
			isa = XCConfigurationList;
			buildConfigurations = (
				CFB2800B203F1709002BAE9D /* Debug */,
				CFB2800C203F1709002BAE9D /* Release */,
			);
			defaultConfigurationIsVisible = 0;
			defaultConfigurationName = Release;
		};
/* End XCConfigurationList section */

/* Begin XCVersionGroup section */
		CFB27FFF203F1709002BAE9D /* MeQuieres.xcdatamodeld */ = {
			isa = XCVersionGroup;
			children = (
				CFB28000203F1709002BAE9D /* MeQuieres.xcdatamodel */,
			);
			currentVersion = CFB28000203F1709002BAE9D /* MeQuieres.xcdatamodel */;
			path = MeQuieres.xcdatamodeld;
			sourceTree = "<group>";
			versionGroupType = wrapper.xcdatamodel;
		};
/* End XCVersionGroup section */
	};
	rootObject = CFB27FED203F1709002BAE9D /* Project object */;
}
